
Microsoft Visual Studio Solution File, Format Version 12.00
# Visual Studio Version 17
VisualStudioVersion = 17.11.35327.3
MinimumVisualStudioVersion = 10.0.40219.1
Project("{FAE04EC0-301F-11D3-BF4B-00C04F79EFBC}") = "Maktab121-B", "Maktab121-B\Maktab121-B.csproj", "{85994FC6-AE51-4C73-BA15-83A043E3B5D9}"
EndProject
Global
	GlobalSection(SolutionConfigurationPlatforms) = preSolution
		Debug|Any CPU = Debug|Any CPU
		Release|Any CPU = Release|Any CPU
	EndGlobalSection
	GlobalSection(ProjectConfigurationPlatforms) = postSolution
		{85994FC6-AE51-4C73-BA15-83A043E3B5D9}.Debug|Any CPU.ActiveCfg = Debug|Any CPU
		{85994FC6-AE51-4C73-BA15-83A043E3B5D9}.Debug|Any CPU.Build.0 = Debug|Any CPU
		{85994FC6-AE51-4C73-BA15-83A043E3B5D9}.Release|Any CPU.ActiveCfg = Release|Any CPU
		{85994FC6-AE51-4C73-BA15-83A043E3B5D9}.Release|Any CPU.Build.0 = Release|Any CPU
	EndGlobalSection
	GlobalSection(SolutionProperties) = preSolution
		HideSolutionNode = FALSE
	EndGlobalSection
	GlobalSection(ExtensibilityGlobals) = postSolution
		SolutionGuid = {B0204BE5-2992-43E0-B6DD-E8CF0345B225}
	EndGlobalSection
EndGlobal
